{
  "name": "lisp",
  "version": "1.0.0",
  "lockfileVersion": 3,
  "requires": true,
  "packages": {
    "": {
      "name": "lisp",
      "version": "1.0.0",
      "license": "ISC",
      "dependencies": {
        "@xterm/xterm": "^6.0.0",
        "xterm-pty": "^0.12.0"
      }
    },
    "node_modules/@xterm/xterm": {
      "version": "6.0.0",
      "resolved": "https://registry.npmjs.org/@xterm/xterm/-/xterm-6.0.0.tgz",
      "integrity": "sha512-TQwDdQGtwwDt+2cgKDLn0IRaSxYu1tSUjgKarSDkUM0ZNiSRXFpjxEsvc/Zgc5kq5omJ+V0a8/kIM2WD3sMOYg==",
      "license": "MIT",
      "workspaces": [
        "addons/*"
      ]
    },
    "node_modules/xterm-pty": {
      "version": "0.12.0",
      "resolved": "https://registry.npmjs.org/xterm-pty/-/xterm-pty-0.12.0.tgz",
      "integrity": "sha512-xtJRZaFaHgJwI0Uq2Rw0ckL4b1fNe4OaJUhEes9e3aOfC46Z5RAR2W5P/8NUy2bJRXITXiSpgS3kM+hMUyZgcQ==",
      "license": "MIT",
      "dependencies": {
        "@xterm/xterm": "^5.5.0"
      }
    },
    "node_modules/xterm-pty/node_modules/@xterm/xterm": {
      "version": "5.5.0",
      "resolved": "https://registry.npmjs.org/@xterm/xterm/-/xterm-5.5.0.tgz",
      "integrity": "sha512-hqJHYaQb5OptNunnyAnkHyM8aCjZ1MEIDTQu1iIbbTD/xops91NB5yq1ZK/dC2JDbVWtF23zUtl9JE2NqwT87A==",
      "license": "MIT"
    }
  }
}
